<?xml version="1.0" encoding="utf-8"?>
<Project ToolsVersion="17.0" xmlns="http://schemas.microsoft.com/developer/msbuild/2003">
  <ItemGroup>
    <ClCompile Include="F:\AvanD\KULIAH\Semester Antara 6-7_TI 22\Project Steganography\LSB-Steganography\ext\stb\stb_image.c">
      <Filter>Source Files</Filter>
    </ClCompile>
    <ClCompile Include="F:\AvanD\KULIAH\Semester Antara 6-7_TI 22\Project Steganography\LSB-Steganography\ext\stb\stb_image_write.c">
      <Filter>Source Files</Filter>
    </ClCompile>
  </ItemGroup>
  <ItemGroup>
    <CustomBuild Include="F:\AvanD\KULIAH\Semester Antara 6-7_TI 22\Project Steganography\LSB-Steganography\CMakeLists.txt" />
  </ItemGroup>
  <ItemGroup>
    <Filter Include="Source Files">
      <UniqueIdentifier>{5A719BFC-7E1E-3832-9A56-E512CA937E3E}</UniqueIdentifier>
    </Filter>
  </ItemGroup>
</Project>
