
Microsoft Visual Studio Solution File, Format Version 12.00
# Visual Studio Version 17
Project("{2150E333-8FDC-42A3-9474-1A3956D46DE8}") = "CMakePredefinedTargets", "CMakePredefinedTargets", "{3756F3B1-BE3E-3DB0-B025-F5F00D7BE754}"
EndProject
Project("{2150E333-8FDC-42A3-9474-1A3956D46DE8}") = "GLFW3", "GLFW3", "{27189049-8907-3E58-B1CB-E82DBCFC9E77}"
EndProject
Project("{2150E333-8FDC-42A3-9474-1A3956D46DE8}") = "Examples", "GLFW3\Examples", "{404F6FB1-26BA-3C35-968B-3AF1FE74B26A}"
EndProject
Project("{2150E333-8FDC-42A3-9474-1A3956D46DE8}") = "Tests", "GLFW3\Tests", "{6014BF3B-097F-39FA-886A-CF46B67E67E7}"
EndProject
Project("{8BC9CEB8-8B4A-11D0-8D11-00A0C91BC942}") = "ALL_BUILD", "ALL_BUILD.vcxproj", "{A31B84CB-99AB-3517-BC43-3AC090596E98}"
	ProjectSection(ProjectDependencies) = postProject
		{836C6F76-273D-3176-AF92-5E439D29D4F0} = {836C6F76-273D-3176-AF92-5E439D29D4F0}
		{BE915D9B-663F-3B05-BBC9-510FDD013750} = {BE915D9B-663F-3B05-BBC9-510FDD013750}
		{53D6AF2E-0021-3D3F-8FCF-1C547C1B12BA} = {53D6AF2E-0021-3D3F-8FCF-1C547C1B12BA}
		{4679AF38-58E4-337E-8B72-69D875D9490D} = {4679AF38-58E4-337E-8B72-69D875D9490D}
		{E6E01278-A776-36B6-A396-912EBF7FEB0B} = {E6E01278-A776-36B6-A396-912EBF7FEB0B}
		{5FD5AEA2-E45A-3D75-BA8A-39C90A6D2182} = {5FD5AEA2-E45A-3D75-BA8A-39C90A6D2182}
		{7C4BF85E-C31C-3D96-80F8-1312B031A7A5} = {7C4BF85E-C31C-3D96-80F8-1312B031A7A5}
		{B65077D6-4208-3920-9963-E3976E466436} = {B65077D6-4208-3920-9963-E3976E466436}
		{8C696771-39F9-3579-BCCB-55D325C296E5} = {8C696771-39F9-3579-BCCB-55D325C296E5}
		{311B28F7-F53A-3E24-9278-907CDCD5EF2A} = {311B28F7-F53A-3E24-9278-907CDCD5EF2A}
		{50E29571-93A4-36C5-8A1A-9DBDAF77F62C} = {50E29571-93A4-36C5-8A1A-9DBDAF77F62C}
		{0459A922-26F6-3E82-8D9F-F665FA44BA1A} = {0459A922-26F6-3E82-8D9F-F665FA44BA1A}
		{4A509C42-3AD1-3755-866E-994C63413A93} = {4A509C42-3AD1-3755-866E-994C63413A93}
		{78C109B8-1625-393F-AF04-BF05550824F2} = {78C109B8-1625-393F-AF04-BF05550824F2}
		{FAC690C8-9D09-3A0A-8EB9-D19ED09ED9A9} = {FAC690C8-9D09-3A0A-8EB9-D19ED09ED9A9}
		{F2F9E1C0-0D1D-3874-A89D-405C6B57950A} = {F2F9E1C0-0D1D-3874-A89D-405C6B57950A}
		{D586A2E6-D0DD-3003-9BDB-BD0F1D548A72} = {D586A2E6-D0DD-3003-9BDB-BD0F1D548A72}
		{5A91444F-00B2-3340-934B-C5593364C847} = {5A91444F-00B2-3340-934B-C5593364C847}
		{40C3AA98-5934-3E58-984A-FE76ADD6590E} = {40C3AA98-5934-3E58-984A-FE76ADD6590E}
		{53487A0D-8576-3257-8FF7-BBA58B750336} = {53487A0D-8576-3257-8FF7-BBA58B750336}
		{617776B6-8B1A-3E82-91A6-36D5195C07E7} = {617776B6-8B1A-3E82-91A6-36D5195C07E7}
		{567B0707-D8A9-3126-BBA7-B50944000CA6} = {567B0707-D8A9-3126-BBA7-B50944000CA6}
		{6E545AFF-520A-3E47-8ADA-BF427538AE47} = {6E545AFF-520A-3E47-8ADA-BF427538AE47}
		{B7D03B86-07C4-3C62-90C1-D26ADD26CC5E} = {B7D03B86-07C4-3C62-90C1-D26ADD26CC5E}
		{0AA45EF3-B4F5-39AD-87EA-E11E4939639A} = {0AA45EF3-B4F5-39AD-87EA-E11E4939639A}
		{E1184FFC-DF35-3DD8-A66D-755677C0A33D} = {E1184FFC-DF35-3DD8-A66D-755677C0A33D}
		{5A58A7AE-BB14-3E40-8378-58005ECD1861} = {5A58A7AE-BB14-3E40-8378-58005ECD1861}
		{60718C52-34ED-3B28-863B-0DC157C1A294} = {60718C52-34ED-3B28-863B-0DC157C1A294}
		{E9FDEC67-E9C4-3FA6-956C-42F8A65F5AD9} = {E9FDEC67-E9C4-3FA6-956C-42F8A65F5AD9}
		{73DB148C-22FC-3B91-BD96-1CE5840F8ACB} = {73DB148C-22FC-3B91-BD96-1CE5840F8ACB}
		{E1E935D1-6EB6-3B32-8CCA-34B25C43F2BC} = {E1E935D1-6EB6-3B32-8CCA-34B25C43F2BC}
		{F92D23D0-A19B-3B85-A44F-1E51464107C3} = {F92D23D0-A19B-3B85-A44F-1E51464107C3}
		{E65BE858-E794-32B9-BCE9-E7B2C8B5F4F5} = {E65BE858-E794-32B9-BCE9-E7B2C8B5F4F5}
		{6D70102E-DAB6-3B31-BE69-68AFD3F6C331} = {6D70102E-DAB6-3B31-BE69-68AFD3F6C331}
		{9E18B749-9789-34AA-8668-4DC0C593F397} = {9E18B749-9789-34AA-8668-4DC0C593F397}
		{49179691-A218-35E5-8F5D-9B1F98257645} = {49179691-A218-35E5-8F5D-9B1F98257645}
	EndProjectSection
EndProject
Project("{8BC9CEB8-8B4A-11D0-8D11-00A0C91BC942}") = "INSTALL", "INSTALL.vcxproj", "{D41DCF0F-6D72-3FD5-89BC-AF6BE1323EC8}"
	ProjectSection(ProjectDependencies) = postProject
		{A31B84CB-99AB-3517-BC43-3AC090596E98} = {A31B84CB-99AB-3517-BC43-3AC090596E98}
		{836C6F76-273D-3176-AF92-5E439D29D4F0} = {836C6F76-273D-3176-AF92-5E439D29D4F0}
	EndProjectSection
EndProject
Project("{8BC9CEB8-8B4A-11D0-8D11-00A0C91BC942}") = "ZERO_CHECK", "ZERO_CHECK.vcxproj", "{836C6F76-273D-3176-AF92-5E439D29D4F0}"
	ProjectSection(ProjectDependencies) = postProject
	EndProjectSection
EndProject
Project("{8BC9CEB8-8B4A-11D0-8D11-00A0C91BC942}") = "boing", "_deps\glfw-build\examples\boing.vcxproj", "{BE915D9B-663F-3B05-BBC9-510FDD013750}"
	ProjectSection(ProjectDependencies) = postProject
		{836C6F76-273D-3176-AF92-5E439D29D4F0} = {836C6F76-273D-3176-AF92-5E439D29D4F0}
		{8C696771-39F9-3579-BCCB-55D325C296E5} = {8C696771-39F9-3579-BCCB-55D325C296E5}
	EndProjectSection
EndProject
Project("{8BC9CEB8-8B4A-11D0-8D11-00A0C91BC942}") = "clipboard", "_deps\glfw-build\tests\clipboard.vcxproj", "{53D6AF2E-0021-3D3F-8FCF-1C547C1B12BA}"
	ProjectSection(ProjectDependencies) = postProject
		{836C6F76-273D-3176-AF92-5E439D29D4F0} = {836C6F76-273D-3176-AF92-5E439D29D4F0}
		{8C696771-39F9-3579-BCCB-55D325C296E5} = {8C696771-39F9-3579-BCCB-55D325C296E5}
	EndProjectSection
EndProject
Project("{8BC9CEB8-8B4A-11D0-8D11-00A0C91BC942}") = "cursor", "_deps\glfw-build\tests\cursor.vcxproj", "{4679AF38-58E4-337E-8B72-69D875D9490D}"
	ProjectSection(ProjectDependencies) = postProject
		{836C6F76-273D-3176-AF92-5E439D29D4F0} = {836C6F76-273D-3176-AF92-5E439D29D4F0}
		{8C696771-39F9-3579-BCCB-55D325C296E5} = {8C696771-39F9-3579-BCCB-55D325C296E5}
	EndProjectSection
EndProject
Project("{8BC9CEB8-8B4A-11D0-8D11-00A0C91BC942}") = "empty", "_deps\glfw-build\tests\empty.vcxproj", "{E6E01278-A776-36B6-A396-912EBF7FEB0B}"
	ProjectSection(ProjectDependencies) = postProject
		{836C6F76-273D-3176-AF92-5E439D29D4F0} = {836C6F76-273D-3176-AF92-5E439D29D4F0}
		{8C696771-39F9-3579-BCCB-55D325C296E5} = {8C696771-39F9-3579-BCCB-55D325C296E5}
	EndProjectSection
EndProject
Project("{8BC9CEB8-8B4A-11D0-8D11-00A0C91BC942}") = "events", "_deps\glfw-build\tests\events.vcxproj", "{5FD5AEA2-E45A-3D75-BA8A-39C90A6D2182}"
	ProjectSection(ProjectDependencies) = postProject
		{836C6F76-273D-3176-AF92-5E439D29D4F0} = {836C6F76-273D-3176-AF92-5E439D29D4F0}
		{8C696771-39F9-3579-BCCB-55D325C296E5} = {8C696771-39F9-3579-BCCB-55D325C296E5}
	EndProjectSection
EndProject
Project("{8BC9CEB8-8B4A-11D0-8D11-00A0C91BC942}") = "gamma", "_deps\glfw-build\tests\gamma.vcxproj", "{7C4BF85E-C31C-3D96-80F8-1312B031A7A5}"
	ProjectSection(ProjectDependencies) = postProject
		{836C6F76-273D-3176-AF92-5E439D29D4F0} = {836C6F76-273D-3176-AF92-5E439D29D4F0}
		{8C696771-39F9-3579-BCCB-55D325C296E5} = {8C696771-39F9-3579-BCCB-55D325C296E5}
	EndProjectSection
EndProject
Project("{8BC9CEB8-8B4A-11D0-8D11-00A0C91BC942}") = "gears", "_deps\glfw-build\examples\gears.vcxproj", "{B65077D6-4208-3920-9963-E3976E466436}"
	ProjectSection(ProjectDependencies) = postProject
		{836C6F76-273D-3176-AF92-5E439D29D4F0} = {836C6F76-273D-3176-AF92-5E439D29D4F0}
		{8C696771-39F9-3579-BCCB-55D325C296E5} = {8C696771-39F9-3579-BCCB-55D325C296E5}
	EndProjectSection
EndProject
Project("{8BC9CEB8-8B4A-11D0-8D11-00A0C91BC942}") = "glfw", "_deps\glfw-build\src\glfw.vcxproj", "{8C696771-39F9-3579-BCCB-55D325C296E5}"
	ProjectSection(ProjectDependencies) = postProject
		{836C6F76-273D-3176-AF92-5E439D29D4F0} = {836C6F76-273D-3176-AF92-5E439D29D4F0}
	EndProjectSection
EndProject
Project("{8BC9CEB8-8B4A-11D0-8D11-00A0C91BC942}") = "glfwinfo", "_deps\glfw-build\tests\glfwinfo.vcxproj", "{311B28F7-F53A-3E24-9278-907CDCD5EF2A}"
	ProjectSection(ProjectDependencies) = postProject
		{836C6F76-273D-3176-AF92-5E439D29D4F0} = {836C6F76-273D-3176-AF92-5E439D29D4F0}
		{8C696771-39F9-3579-BCCB-55D325C296E5} = {8C696771-39F9-3579-BCCB-55D325C296E5}
	EndProjectSection
EndProject
Project("{8BC9CEB8-8B4A-11D0-8D11-00A0C91BC942}") = "gui_lib", "gui_lib.vcxproj", "{50E29571-93A4-36C5-8A1A-9DBDAF77F62C}"
	ProjectSection(ProjectDependencies) = postProject
		{836C6F76-273D-3176-AF92-5E439D29D4F0} = {836C6F76-273D-3176-AF92-5E439D29D4F0}
		{8C696771-39F9-3579-BCCB-55D325C296E5} = {8C696771-39F9-3579-BCCB-55D325C296E5}
		{FAC690C8-9D09-3A0A-8EB9-D19ED09ED9A9} = {FAC690C8-9D09-3A0A-8EB9-D19ED09ED9A9}
	EndProjectSection
EndProject
Project("{8BC9CEB8-8B4A-11D0-8D11-00A0C91BC942}") = "heightmap", "_deps\glfw-build\examples\heightmap.vcxproj", "{0459A922-26F6-3E82-8D9F-F665FA44BA1A}"
	ProjectSection(ProjectDependencies) = postProject
		{836C6F76-273D-3176-AF92-5E439D29D4F0} = {836C6F76-273D-3176-AF92-5E439D29D4F0}
		{8C696771-39F9-3579-BCCB-55D325C296E5} = {8C696771-39F9-3579-BCCB-55D325C296E5}
	EndProjectSection
EndProject
Project("{8BC9CEB8-8B4A-11D0-8D11-00A0C91BC942}") = "icon", "_deps\glfw-build\tests\icon.vcxproj", "{4A509C42-3AD1-3755-866E-994C63413A93}"
	ProjectSection(ProjectDependencies) = postProject
		{836C6F76-273D-3176-AF92-5E439D29D4F0} = {836C6F76-273D-3176-AF92-5E439D29D4F0}
		{8C696771-39F9-3579-BCCB-55D325C296E5} = {8C696771-39F9-3579-BCCB-55D325C296E5}
	EndProjectSection
EndProject
Project("{8BC9CEB8-8B4A-11D0-8D11-00A0C91BC942}") = "iconify", "_deps\glfw-build\tests\iconify.vcxproj", "{78C109B8-1625-393F-AF04-BF05550824F2}"
	ProjectSection(ProjectDependencies) = postProject
		{836C6F76-273D-3176-AF92-5E439D29D4F0} = {836C6F76-273D-3176-AF92-5E439D29D4F0}
		{8C696771-39F9-3579-BCCB-55D325C296E5} = {8C696771-39F9-3579-BCCB-55D325C296E5}
	EndProjectSection
EndProject
Project("{8BC9CEB8-8B4A-11D0-8D11-00A0C91BC942}") = "imgui_lib", "imgui_lib.vcxproj", "{FAC690C8-9D09-3A0A-8EB9-D19ED09ED9A9}"
	ProjectSection(ProjectDependencies) = postProject
		{836C6F76-273D-3176-AF92-5E439D29D4F0} = {836C6F76-273D-3176-AF92-5E439D29D4F0}
	EndProjectSection
EndProject
Project("{8BC9CEB8-8B4A-11D0-8D11-00A0C91BC942}") = "inputlag", "_deps\glfw-build\tests\inputlag.vcxproj", "{F2F9E1C0-0D1D-3874-A89D-405C6B57950A}"
	ProjectSection(ProjectDependencies) = postProject
		{836C6F76-273D-3176-AF92-5E439D29D4F0} = {836C6F76-273D-3176-AF92-5E439D29D4F0}
		{8C696771-39F9-3579-BCCB-55D325C296E5} = {8C696771-39F9-3579-BCCB-55D325C296E5}
	EndProjectSection
EndProject
Project("{8BC9CEB8-8B4A-11D0-8D11-00A0C91BC942}") = "joysticks", "_deps\glfw-build\tests\joysticks.vcxproj", "{D586A2E6-D0DD-3003-9BDB-BD0F1D548A72}"
	ProjectSection(ProjectDependencies) = postProject
		{836C6F76-273D-3176-AF92-5E439D29D4F0} = {836C6F76-273D-3176-AF92-5E439D29D4F0}
		{8C696771-39F9-3579-BCCB-55D325C296E5} = {8C696771-39F9-3579-BCCB-55D325C296E5}
	EndProjectSection
EndProject
Project("{8BC9CEB8-8B4A-11D0-8D11-00A0C91BC942}") = "monitors", "_deps\glfw-build\tests\monitors.vcxproj", "{5A91444F-00B2-3340-934B-C5593364C847}"
	ProjectSection(ProjectDependencies) = postProject
		{836C6F76-273D-3176-AF92-5E439D29D4F0} = {836C6F76-273D-3176-AF92-5E439D29D4F0}
		{8C696771-39F9-3579-BCCB-55D325C296E5} = {8C696771-39F9-3579-BCCB-55D325C296E5}
	EndProjectSection
EndProject
Project("{8BC9CEB8-8B4A-11D0-8D11-00A0C91BC942}") = "msaa", "_deps\glfw-build\tests\msaa.vcxproj", "{40C3AA98-5934-3E58-984A-FE76ADD6590E}"
	ProjectSection(ProjectDependencies) = postProject
		{836C6F76-273D-3176-AF92-5E439D29D4F0} = {836C6F76-273D-3176-AF92-5E439D29D4F0}
		{8C696771-39F9-3579-BCCB-55D325C296E5} = {8C696771-39F9-3579-BCCB-55D325C296E5}
	EndProjectSection
EndProject
Project("{8BC9CEB8-8B4A-11D0-8D11-00A0C91BC942}") = "offscreen", "_deps\glfw-build\examples\offscreen.vcxproj", "{53487A0D-8576-3257-8FF7-BBA58B750336}"
	ProjectSection(ProjectDependencies) = postProject
		{836C6F76-273D-3176-AF92-5E439D29D4F0} = {836C6F76-273D-3176-AF92-5E439D29D4F0}
		{8C696771-39F9-3579-BCCB-55D325C296E5} = {8C696771-39F9-3579-BCCB-55D325C296E5}
	EndProjectSection
EndProject
Project("{8BC9CEB8-8B4A-11D0-8D11-00A0C91BC942}") = "opacity", "_deps\glfw-build\tests\opacity.vcxproj", "{617776B6-8B1A-3E82-91A6-36D5195C07E7}"
	ProjectSection(ProjectDependencies) = postProject
		{836C6F76-273D-3176-AF92-5E439D29D4F0} = {836C6F76-273D-3176-AF92-5E439D29D4F0}
		{8C696771-39F9-3579-BCCB-55D325C296E5} = {8C696771-39F9-3579-BCCB-55D325C296E5}
	EndProjectSection
EndProject
Project("{8BC9CEB8-8B4A-11D0-8D11-00A0C91BC942}") = "particles", "_deps\glfw-build\examples\particles.vcxproj", "{567B0707-D8A9-3126-BBA7-B50944000CA6}"
	ProjectSection(ProjectDependencies) = postProject
		{836C6F76-273D-3176-AF92-5E439D29D4F0} = {836C6F76-273D-3176-AF92-5E439D29D4F0}
		{8C696771-39F9-3579-BCCB-55D325C296E5} = {8C696771-39F9-3579-BCCB-55D325C296E5}
	EndProjectSection
EndProject
Project("{8BC9CEB8-8B4A-11D0-8D11-00A0C91BC942}") = "reopen", "_deps\glfw-build\tests\reopen.vcxproj", "{6E545AFF-520A-3E47-8ADA-BF427538AE47}"
	ProjectSection(ProjectDependencies) = postProject
		{836C6F76-273D-3176-AF92-5E439D29D4F0} = {836C6F76-273D-3176-AF92-5E439D29D4F0}
		{8C696771-39F9-3579-BCCB-55D325C296E5} = {8C696771-39F9-3579-BCCB-55D325C296E5}
	EndProjectSection
EndProject
Project("{8BC9CEB8-8B4A-11D0-8D11-00A0C91BC942}") = "sharing", "_deps\glfw-build\examples\sharing.vcxproj", "{B7D03B86-07C4-3C62-90C1-D26ADD26CC5E}"
	ProjectSection(ProjectDependencies) = postProject
		{836C6F76-273D-3176-AF92-5E439D29D4F0} = {836C6F76-273D-3176-AF92-5E439D29D4F0}
		{8C696771-39F9-3579-BCCB-55D325C296E5} = {8C696771-39F9-3579-BCCB-55D325C296E5}
	EndProjectSection
EndProject
Project("{8BC9CEB8-8B4A-11D0-8D11-00A0C91BC942}") = "simple", "_deps\glfw-build\examples\simple.vcxproj", "{0AA45EF3-B4F5-39AD-87EA-E11E4939639A}"
	ProjectSection(ProjectDependencies) = postProject
		{836C6F76-273D-3176-AF92-5E439D29D4F0} = {836C6F76-273D-3176-AF92-5E439D29D4F0}
		{8C696771-39F9-3579-BCCB-55D325C296E5} = {8C696771-39F9-3579-BCCB-55D325C296E5}
	EndProjectSection
EndProject
Project("{8BC9CEB8-8B4A-11D0-8D11-00A0C91BC942}") = "splitview", "_deps\glfw-build\examples\splitview.vcxproj", "{E1184FFC-DF35-3DD8-A66D-755677C0A33D}"
	ProjectSection(ProjectDependencies) = postProject
		{836C6F76-273D-3176-AF92-5E439D29D4F0} = {836C6F76-273D-3176-AF92-5E439D29D4F0}
		{8C696771-39F9-3579-BCCB-55D325C296E5} = {8C696771-39F9-3579-BCCB-55D325C296E5}
	EndProjectSection
EndProject
Project("{8BC9CEB8-8B4A-11D0-8D11-00A0C91BC942}") = "stb", "stb.vcxproj", "{5A58A7AE-BB14-3E40-8378-58005ECD1861}"
	ProjectSection(ProjectDependencies) = postProject
		{836C6F76-273D-3176-AF92-5E439D29D4F0} = {836C6F76-273D-3176-AF92-5E439D29D4F0}
	EndProjectSection
EndProject
Project("{8BC9CEB8-8B4A-11D0-8D11-00A0C91BC942}") = "steganography", "steganography.vcxproj", "{60718C52-34ED-3B28-863B-0DC157C1A294}"
	ProjectSection(ProjectDependencies) = postProject
		{836C6F76-273D-3176-AF92-5E439D29D4F0} = {836C6F76-273D-3176-AF92-5E439D29D4F0}
		{8C696771-39F9-3579-BCCB-55D325C296E5} = {8C696771-39F9-3579-BCCB-55D325C296E5}
		{50E29571-93A4-36C5-8A1A-9DBDAF77F62C} = {50E29571-93A4-36C5-8A1A-9DBDAF77F62C}
		{FAC690C8-9D09-3A0A-8EB9-D19ED09ED9A9} = {FAC690C8-9D09-3A0A-8EB9-D19ED09ED9A9}
		{5A58A7AE-BB14-3E40-8378-58005ECD1861} = {5A58A7AE-BB14-3E40-8378-58005ECD1861}
		{49179691-A218-35E5-8F5D-9B1F98257645} = {49179691-A218-35E5-8F5D-9B1F98257645}
	EndProjectSection
EndProject
Project("{8BC9CEB8-8B4A-11D0-8D11-00A0C91BC942}") = "tearing", "_deps\glfw-build\tests\tearing.vcxproj", "{E9FDEC67-E9C4-3FA6-956C-42F8A65F5AD9}"
	ProjectSection(ProjectDependencies) = postProject
		{836C6F76-273D-3176-AF92-5E439D29D4F0} = {836C6F76-273D-3176-AF92-5E439D29D4F0}
		{8C696771-39F9-3579-BCCB-55D325C296E5} = {8C696771-39F9-3579-BCCB-55D325C296E5}
	EndProjectSection
EndProject
Project("{8BC9CEB8-8B4A-11D0-8D11-00A0C91BC942}") = "threads", "_deps\glfw-build\tests\threads.vcxproj", "{73DB148C-22FC-3B91-BD96-1CE5840F8ACB}"
	ProjectSection(ProjectDependencies) = postProject
		{836C6F76-273D-3176-AF92-5E439D29D4F0} = {836C6F76-273D-3176-AF92-5E439D29D4F0}
		{8C696771-39F9-3579-BCCB-55D325C296E5} = {8C696771-39F9-3579-BCCB-55D325C296E5}
	EndProjectSection
EndProject
Project("{8BC9CEB8-8B4A-11D0-8D11-00A0C91BC942}") = "timeout", "_deps\glfw-build\tests\timeout.vcxproj", "{E1E935D1-6EB6-3B32-8CCA-34B25C43F2BC}"
	ProjectSection(ProjectDependencies) = postProject
		{836C6F76-273D-3176-AF92-5E439D29D4F0} = {836C6F76-273D-3176-AF92-5E439D29D4F0}
		{8C696771-39F9-3579-BCCB-55D325C296E5} = {8C696771-39F9-3579-BCCB-55D325C296E5}
	EndProjectSection
EndProject
Project("{8BC9CEB8-8B4A-11D0-8D11-00A0C91BC942}") = "title", "_deps\glfw-build\tests\title.vcxproj", "{F92D23D0-A19B-3B85-A44F-1E51464107C3}"
	ProjectSection(ProjectDependencies) = postProject
		{836C6F76-273D-3176-AF92-5E439D29D4F0} = {836C6F76-273D-3176-AF92-5E439D29D4F0}
		{8C696771-39F9-3579-BCCB-55D325C296E5} = {8C696771-39F9-3579-BCCB-55D325C296E5}
	EndProjectSection
EndProject
Project("{8BC9CEB8-8B4A-11D0-8D11-00A0C91BC942}") = "triangle-vulkan", "_deps\glfw-build\tests\triangle-vulkan.vcxproj", "{E65BE858-E794-32B9-BCE9-E7B2C8B5F4F5}"
	ProjectSection(ProjectDependencies) = postProject
		{836C6F76-273D-3176-AF92-5E439D29D4F0} = {836C6F76-273D-3176-AF92-5E439D29D4F0}
		{8C696771-39F9-3579-BCCB-55D325C296E5} = {8C696771-39F9-3579-BCCB-55D325C296E5}
	EndProjectSection
EndProject
Project("{8BC9CEB8-8B4A-11D0-8D11-00A0C91BC942}") = "uninstall", "_deps\glfw-build\uninstall.vcxproj", "{9DD4658C-7EC0-3DAC-9C2B-930EE534FC62}"
	ProjectSection(ProjectDependencies) = postProject
		{836C6F76-273D-3176-AF92-5E439D29D4F0} = {836C6F76-273D-3176-AF92-5E439D29D4F0}
	EndProjectSection
EndProject
Project("{8BC9CEB8-8B4A-11D0-8D11-00A0C91BC942}") = "update_mappings", "_deps\glfw-build\src\update_mappings.vcxproj", "{DEC1A49F-9953-3A77-A4AA-EA6526F5B56B}"
	ProjectSection(ProjectDependencies) = postProject
		{836C6F76-273D-3176-AF92-5E439D29D4F0} = {836C6F76-273D-3176-AF92-5E439D29D4F0}
	EndProjectSection
EndProject
Project("{8BC9CEB8-8B4A-11D0-8D11-00A0C91BC942}") = "wave", "_deps\glfw-build\examples\wave.vcxproj", "{6D70102E-DAB6-3B31-BE69-68AFD3F6C331}"
	ProjectSection(ProjectDependencies) = postProject
		{836C6F76-273D-3176-AF92-5E439D29D4F0} = {836C6F76-273D-3176-AF92-5E439D29D4F0}
		{8C696771-39F9-3579-BCCB-55D325C296E5} = {8C696771-39F9-3579-BCCB-55D325C296E5}
	EndProjectSection
EndProject
Project("{8BC9CEB8-8B4A-11D0-8D11-00A0C91BC942}") = "windows", "_deps\glfw-build\tests\windows.vcxproj", "{9E18B749-9789-34AA-8668-4DC0C593F397}"
	ProjectSection(ProjectDependencies) = postProject
		{836C6F76-273D-3176-AF92-5E439D29D4F0} = {836C6F76-273D-3176-AF92-5E439D29D4F0}
		{8C696771-39F9-3579-BCCB-55D325C296E5} = {8C696771-39F9-3579-BCCB-55D325C296E5}
	EndProjectSection
EndProject
Project("{8BC9CEB8-8B4A-11D0-8D11-00A0C91BC942}") = "zlib", "zlib.vcxproj", "{49179691-A218-35E5-8F5D-9B1F98257645}"
	ProjectSection(ProjectDependencies) = postProject
		{836C6F76-273D-3176-AF92-5E439D29D4F0} = {836C6F76-273D-3176-AF92-5E439D29D4F0}
	EndProjectSection
EndProject
Global
	GlobalSection(SolutionConfigurationPlatforms) = preSolution
		Debug|x64 = Debug|x64
		Release|x64 = Release|x64
		MinSizeRel|x64 = MinSizeRel|x64
		RelWithDebInfo|x64 = RelWithDebInfo|x64
	EndGlobalSection
	GlobalSection(ProjectConfigurationPlatforms) = postSolution
		{A31B84CB-99AB-3517-BC43-3AC090596E98}.Debug|x64.ActiveCfg = Debug|x64
		{A31B84CB-99AB-3517-BC43-3AC090596E98}.Debug|x64.Build.0 = Debug|x64
		{A31B84CB-99AB-3517-BC43-3AC090596E98}.Release|x64.ActiveCfg = Release|x64
		{A31B84CB-99AB-3517-BC43-3AC090596E98}.Release|x64.Build.0 = Release|x64
		{A31B84CB-99AB-3517-BC43-3AC090596E98}.MinSizeRel|x64.ActiveCfg = MinSizeRel|x64
		{A31B84CB-99AB-3517-BC43-3AC090596E98}.MinSizeRel|x64.Build.0 = MinSizeRel|x64
		{A31B84CB-99AB-3517-BC43-3AC090596E98}.RelWithDebInfo|x64.ActiveCfg = RelWithDebInfo|x64
		{A31B84CB-99AB-3517-BC43-3AC090596E98}.RelWithDebInfo|x64.Build.0 = RelWithDebInfo|x64
		{D41DCF0F-6D72-3FD5-89BC-AF6BE1323EC8}.Debug|x64.ActiveCfg = Debug|x64
		{D41DCF0F-6D72-3FD5-89BC-AF6BE1323EC8}.Release|x64.ActiveCfg = Release|x64
		{D41DCF0F-6D72-3FD5-89BC-AF6BE1323EC8}.MinSizeRel|x64.ActiveCfg = MinSizeRel|x64
		{D41DCF0F-6D72-3FD5-89BC-AF6BE1323EC8}.RelWithDebInfo|x64.ActiveCfg = RelWithDebInfo|x64
		{836C6F76-273D-3176-AF92-5E439D29D4F0}.Debug|x64.ActiveCfg = Debug|x64
		{836C6F76-273D-3176-AF92-5E439D29D4F0}.Debug|x64.Build.0 = Debug|x64
		{836C6F76-273D-3176-AF92-5E439D29D4F0}.Release|x64.ActiveCfg = Release|x64
		{836C6F76-273D-3176-AF92-5E439D29D4F0}.Release|x64.Build.0 = Release|x64
		{836C6F76-273D-3176-AF92-5E439D29D4F0}.MinSizeRel|x64.ActiveCfg = MinSizeRel|x64
		{836C6F76-273D-3176-AF92-5E439D29D4F0}.MinSizeRel|x64.Build.0 = MinSizeRel|x64
		{836C6F76-273D-3176-AF92-5E439D29D4F0}.RelWithDebInfo|x64.ActiveCfg = RelWithDebInfo|x64
		{836C6F76-273D-3176-AF92-5E439D29D4F0}.RelWithDebInfo|x64.Build.0 = RelWithDebInfo|x64
		{BE915D9B-663F-3B05-BBC9-510FDD013750}.Debug|x64.ActiveCfg = Debug|x64
		{BE915D9B-663F-3B05-BBC9-510FDD013750}.Debug|x64.Build.0 = Debug|x64
		{BE915D9B-663F-3B05-BBC9-510FDD013750}.Release|x64.ActiveCfg = Release|x64
		{BE915D9B-663F-3B05-BBC9-510FDD013750}.Release|x64.Build.0 = Release|x64
		{BE915D9B-663F-3B05-BBC9-510FDD013750}.MinSizeRel|x64.ActiveCfg = MinSizeRel|x64
		{BE915D9B-663F-3B05-BBC9-510FDD013750}.MinSizeRel|x64.Build.0 = MinSizeRel|x64
		{BE915D9B-663F-3B05-BBC9-510FDD013750}.RelWithDebInfo|x64.ActiveCfg = RelWithDebInfo|x64
		{BE915D9B-663F-3B05-BBC9-510FDD013750}.RelWithDebInfo|x64.Build.0 = RelWithDebInfo|x64
		{53D6AF2E-0021-3D3F-8FCF-1C547C1B12BA}.Debug|x64.ActiveCfg = Debug|x64
		{53D6AF2E-0021-3D3F-8FCF-1C547C1B12BA}.Debug|x64.Build.0 = Debug|x64
		{53D6AF2E-0021-3D3F-8FCF-1C547C1B12BA}.Release|x64.ActiveCfg = Release|x64
		{53D6AF2E-0021-3D3F-8FCF-1C547C1B12BA}.Release|x64.Build.0 = Release|x64
		{53D6AF2E-0021-3D3F-8FCF-1C547C1B12BA}.MinSizeRel|x64.ActiveCfg = MinSizeRel|x64
		{53D6AF2E-0021-3D3F-8FCF-1C547C1B12BA}.MinSizeRel|x64.Build.0 = MinSizeRel|x64
		{53D6AF2E-0021-3D3F-8FCF-1C547C1B12BA}.RelWithDebInfo|x64.ActiveCfg = RelWithDebInfo|x64
		{53D6AF2E-0021-3D3F-8FCF-1C547C1B12BA}.RelWithDebInfo|x64.Build.0 = RelWithDebInfo|x64
		{4679AF38-58E4-337E-8B72-69D875D9490D}.Debug|x64.ActiveCfg = Debug|x64
		{4679AF38-58E4-337E-8B72-69D875D9490D}.Debug|x64.Build.0 = Debug|x64
		{4679AF38-58E4-337E-8B72-69D875D9490D}.Release|x64.ActiveCfg = Release|x64
		{4679AF38-58E4-337E-8B72-69D875D9490D}.Release|x64.Build.0 = Release|x64
		{4679AF38-58E4-337E-8B72-69D875D9490D}.MinSizeRel|x64.ActiveCfg = MinSizeRel|x64
		{4679AF38-58E4-337E-8B72-69D875D9490D}.MinSizeRel|x64.Build.0 = MinSizeRel|x64
		{4679AF38-58E4-337E-8B72-69D875D9490D}.RelWithDebInfo|x64.ActiveCfg = RelWithDebInfo|x64
		{4679AF38-58E4-337E-8B72-69D875D9490D}.RelWithDebInfo|x64.Build.0 = RelWithDebInfo|x64
		{E6E01278-A776-36B6-A396-912EBF7FEB0B}.Debug|x64.ActiveCfg = Debug|x64
		{E6E01278-A776-36B6-A396-912EBF7FEB0B}.Debug|x64.Build.0 = Debug|x64
		{E6E01278-A776-36B6-A396-912EBF7FEB0B}.Release|x64.ActiveCfg = Release|x64
		{E6E01278-A776-36B6-A396-912EBF7FEB0B}.Release|x64.Build.0 = Release|x64
		{E6E01278-A776-36B6-A396-912EBF7FEB0B}.MinSizeRel|x64.ActiveCfg = MinSizeRel|x64
		{E6E01278-A776-36B6-A396-912EBF7FEB0B}.MinSizeRel|x64.Build.0 = MinSizeRel|x64
		{E6E01278-A776-36B6-A396-912EBF7FEB0B}.RelWithDebInfo|x64.ActiveCfg = RelWithDebInfo|x64
		{E6E01278-A776-36B6-A396-912EBF7FEB0B}.RelWithDebInfo|x64.Build.0 = RelWithDebInfo|x64
		{5FD5AEA2-E45A-3D75-BA8A-39C90A6D2182}.Debug|x64.ActiveCfg = Debug|x64
		{5FD5AEA2-E45A-3D75-BA8A-39C90A6D2182}.Debug|x64.Build.0 = Debug|x64
		{5FD5AEA2-E45A-3D75-BA8A-39C90A6D2182}.Release|x64.ActiveCfg = Release|x64
		{5FD5AEA2-E45A-3D75-BA8A-39C90A6D2182}.Release|x64.Build.0 = Release|x64
		{5FD5AEA2-E45A-3D75-BA8A-39C90A6D2182}.MinSizeRel|x64.ActiveCfg = MinSizeRel|x64
		{5FD5AEA2-E45A-3D75-BA8A-39C90A6D2182}.MinSizeRel|x64.Build.0 = MinSizeRel|x64
		{5FD5AEA2-E45A-3D75-BA8A-39C90A6D2182}.RelWithDebInfo|x64.ActiveCfg = RelWithDebInfo|x64
		{5FD5AEA2-E45A-3D75-BA8A-39C90A6D2182}.RelWithDebInfo|x64.Build.0 = RelWithDebInfo|x64
		{7C4BF85E-C31C-3D96-80F8-1312B031A7A5}.Debug|x64.ActiveCfg = Debug|x64
		{7C4BF85E-C31C-3D96-80F8-1312B031A7A5}.Debug|x64.Build.0 = Debug|x64
		{7C4BF85E-C31C-3D96-80F8-1312B031A7A5}.Release|x64.ActiveCfg = Release|x64
		{7C4BF85E-C31C-3D96-80F8-1312B031A7A5}.Release|x64.Build.0 = Release|x64
		{7C4BF85E-C31C-3D96-80F8-1312B031A7A5}.MinSizeRel|x64.ActiveCfg = MinSizeRel|x64
		{7C4BF85E-C31C-3D96-80F8-1312B031A7A5}.MinSizeRel|x64.Build.0 = MinSizeRel|x64
		{7C4BF85E-C31C-3D96-80F8-1312B031A7A5}.RelWithDebInfo|x64.ActiveCfg = RelWithDebInfo|x64
		{7C4BF85E-C31C-3D96-80F8-1312B031A7A5}.RelWithDebInfo|x64.Build.0 = RelWithDebInfo|x64
		{B65077D6-4208-3920-9963-E3976E466436}.Debug|x64.ActiveCfg = Debug|x64
		{B65077D6-4208-3920-9963-E3976E466436}.Debug|x64.Build.0 = Debug|x64
		{B65077D6-4208-3920-9963-E3976E466436}.Release|x64.ActiveCfg = Release|x64
		{B65077D6-4208-3920-9963-E3976E466436}.Release|x64.Build.0 = Release|x64
		{B65077D6-4208-3920-9963-E3976E466436}.MinSizeRel|x64.ActiveCfg = MinSizeRel|x64
		{B65077D6-4208-3920-9963-E3976E466436}.MinSizeRel|x64.Build.0 = MinSizeRel|x64
		{B65077D6-4208-3920-9963-E3976E466436}.RelWithDebInfo|x64.ActiveCfg = RelWithDebInfo|x64
		{B65077D6-4208-3920-9963-E3976E466436}.RelWithDebInfo|x64.Build.0 = RelWithDebInfo|x64
		{8C696771-39F9-3579-BCCB-55D325C296E5}.Debug|x64.ActiveCfg = Debug|x64
		{8C696771-39F9-3579-BCCB-55D325C296E5}.Debug|x64.Build.0 = Debug|x64
		{8C696771-39F9-3579-BCCB-55D325C296E5}.Release|x64.ActiveCfg = Release|x64
		{8C696771-39F9-3579-BCCB-55D325C296E5}.Release|x64.Build.0 = Release|x64
		{8C696771-39F9-3579-BCCB-55D325C296E5}.MinSizeRel|x64.ActiveCfg = MinSizeRel|x64
		{8C696771-39F9-3579-BCCB-55D325C296E5}.MinSizeRel|x64.Build.0 = MinSizeRel|x64
		{8C696771-39F9-3579-BCCB-55D325C296E5}.RelWithDebInfo|x64.ActiveCfg = RelWithDebInfo|x64
		{8C696771-39F9-3579-BCCB-55D325C296E5}.RelWithDebInfo|x64.Build.0 = RelWithDebInfo|x64
		{311B28F7-F53A-3E24-9278-907CDCD5EF2A}.Debug|x64.ActiveCfg = Debug|x64
		{311B28F7-F53A-3E24-9278-907CDCD5EF2A}.Debug|x64.Build.0 = Debug|x64
		{311B28F7-F53A-3E24-9278-907CDCD5EF2A}.Release|x64.ActiveCfg = Release|x64
		{311B28F7-F53A-3E24-9278-907CDCD5EF2A}.Release|x64.Build.0 = Release|x64
		{311B28F7-F53A-3E24-9278-907CDCD5EF2A}.MinSizeRel|x64.ActiveCfg = MinSizeRel|x64
		{311B28F7-F53A-3E24-9278-907CDCD5EF2A}.MinSizeRel|x64.Build.0 = MinSizeRel|x64
		{311B28F7-F53A-3E24-9278-907CDCD5EF2A}.RelWithDebInfo|x64.ActiveCfg = RelWithDebInfo|x64
		{311B28F7-F53A-3E24-9278-907CDCD5EF2A}.RelWithDebInfo|x64.Build.0 = RelWithDebInfo|x64
		{50E29571-93A4-36C5-8A1A-9DBDAF77F62C}.Debug|x64.ActiveCfg = Debug|x64
		{50E29571-93A4-36C5-8A1A-9DBDAF77F62C}.Debug|x64.Build.0 = Debug|x64
		{50E29571-93A4-36C5-8A1A-9DBDAF77F62C}.Release|x64.ActiveCfg = Release|x64
		{50E29571-93A4-36C5-8A1A-9DBDAF77F62C}.Release|x64.Build.0 = Release|x64
		{50E29571-93A4-36C5-8A1A-9DBDAF77F62C}.MinSizeRel|x64.ActiveCfg = MinSizeRel|x64
		{50E29571-93A4-36C5-8A1A-9DBDAF77F62C}.MinSizeRel|x64.Build.0 = MinSizeRel|x64
		{50E29571-93A4-36C5-8A1A-9DBDAF77F62C}.RelWithDebInfo|x64.ActiveCfg = RelWithDebInfo|x64
		{50E29571-93A4-36C5-8A1A-9DBDAF77F62C}.RelWithDebInfo|x64.Build.0 = RelWithDebInfo|x64
		{0459A922-26F6-3E82-8D9F-F665FA44BA1A}.Debug|x64.ActiveCfg = Debug|x64
		{0459A922-26F6-3E82-8D9F-F665FA44BA1A}.Debug|x64.Build.0 = Debug|x64
		{0459A922-26F6-3E82-8D9F-F665FA44BA1A}.Release|x64.ActiveCfg = Release|x64
		{0459A922-26F6-3E82-8D9F-F665FA44BA1A}.Release|x64.Build.0 = Release|x64
		{0459A922-26F6-3E82-8D9F-F665FA44BA1A}.MinSizeRel|x64.ActiveCfg = MinSizeRel|x64
		{0459A922-26F6-3E82-8D9F-F665FA44BA1A}.MinSizeRel|x64.Build.0 = MinSizeRel|x64
		{0459A922-26F6-3E82-8D9F-F665FA44BA1A}.RelWithDebInfo|x64.ActiveCfg = RelWithDebInfo|x64
		{0459A922-26F6-3E82-8D9F-F665FA44BA1A}.RelWithDebInfo|x64.Build.0 = RelWithDebInfo|x64
		{4A509C42-3AD1-3755-866E-994C63413A93}.Debug|x64.ActiveCfg = Debug|x64
		{4A509C42-3AD1-3755-866E-994C63413A93}.Debug|x64.Build.0 = Debug|x64
		{4A509C42-3AD1-3755-866E-994C63413A93}.Release|x64.ActiveCfg = Release|x64
		{4A509C42-3AD1-3755-866E-994C63413A93}.Release|x64.Build.0 = Release|x64
		{4A509C42-3AD1-3755-866E-994C63413A93}.MinSizeRel|x64.ActiveCfg = MinSizeRel|x64
		{4A509C42-3AD1-3755-866E-994C63413A93}.MinSizeRel|x64.Build.0 = MinSizeRel|x64
		{4A509C42-3AD1-3755-866E-994C63413A93}.RelWithDebInfo|x64.ActiveCfg = RelWithDebInfo|x64
		{4A509C42-3AD1-3755-866E-994C63413A93}.RelWithDebInfo|x64.Build.0 = RelWithDebInfo|x64
		{78C109B8-1625-393F-AF04-BF05550824F2}.Debug|x64.ActiveCfg = Debug|x64
		{78C109B8-1625-393F-AF04-BF05550824F2}.Debug|x64.Build.0 = Debug|x64
		{78C109B8-1625-393F-AF04-BF05550824F2}.Release|x64.ActiveCfg = Release|x64
		{78C109B8-1625-393F-AF04-BF05550824F2}.Release|x64.Build.0 = Release|x64
		{78C109B8-1625-393F-AF04-BF05550824F2}.MinSizeRel|x64.ActiveCfg = MinSizeRel|x64
		{78C109B8-1625-393F-AF04-BF05550824F2}.MinSizeRel|x64.Build.0 = MinSizeRel|x64
		{78C109B8-1625-393F-AF04-BF05550824F2}.RelWithDebInfo|x64.ActiveCfg = RelWithDebInfo|x64
		{78C109B8-1625-393F-AF04-BF05550824F2}.RelWithDebInfo|x64.Build.0 = RelWithDebInfo|x64
		{FAC690C8-9D09-3A0A-8EB9-D19ED09ED9A9}.Debug|x64.ActiveCfg = Debug|x64
		{FAC690C8-9D09-3A0A-8EB9-D19ED09ED9A9}.Debug|x64.Build.0 = Debug|x64
		{FAC690C8-9D09-3A0A-8EB9-D19ED09ED9A9}.Release|x64.ActiveCfg = Release|x64
		{FAC690C8-9D09-3A0A-8EB9-D19ED09ED9A9}.Release|x64.Build.0 = Release|x64
		{FAC690C8-9D09-3A0A-8EB9-D19ED09ED9A9}.MinSizeRel|x64.ActiveCfg = MinSizeRel|x64
		{FAC690C8-9D09-3A0A-8EB9-D19ED09ED9A9}.MinSizeRel|x64.Build.0 = MinSizeRel|x64
		{FAC690C8-9D09-3A0A-8EB9-D19ED09ED9A9}.RelWithDebInfo|x64.ActiveCfg = RelWithDebInfo|x64
		{FAC690C8-9D09-3A0A-8EB9-D19ED09ED9A9}.RelWithDebInfo|x64.Build.0 = RelWithDebInfo|x64
		{F2F9E1C0-0D1D-3874-A89D-405C6B57950A}.Debug|x64.ActiveCfg = Debug|x64
		{F2F9E1C0-0D1D-3874-A89D-405C6B57950A}.Debug|x64.Build.0 = Debug|x64
		{F2F9E1C0-0D1D-3874-A89D-405C6B57950A}.Release|x64.ActiveCfg = Release|x64
		{F2F9E1C0-0D1D-3874-A89D-405C6B57950A}.Release|x64.Build.0 = Release|x64
		{F2F9E1C0-0D1D-3874-A89D-405C6B57950A}.MinSizeRel|x64.ActiveCfg = MinSizeRel|x64
		{F2F9E1C0-0D1D-3874-A89D-405C6B57950A}.MinSizeRel|x64.Build.0 = MinSizeRel|x64
		{F2F9E1C0-0D1D-3874-A89D-405C6B57950A}.RelWithDebInfo|x64.ActiveCfg = RelWithDebInfo|x64
		{F2F9E1C0-0D1D-3874-A89D-405C6B57950A}.RelWithDebInfo|x64.Build.0 = RelWithDebInfo|x64
		{D586A2E6-D0DD-3003-9BDB-BD0F1D548A72}.Debug|x64.ActiveCfg = Debug|x64
		{D586A2E6-D0DD-3003-9BDB-BD0F1D548A72}.Debug|x64.Build.0 = Debug|x64
		{D586A2E6-D0DD-3003-9BDB-BD0F1D548A72}.Release|x64.ActiveCfg = Release|x64
		{D586A2E6-D0DD-3003-9BDB-BD0F1D548A72}.Release|x64.Build.0 = Release|x64
		{D586A2E6-D0DD-3003-9BDB-BD0F1D548A72}.MinSizeRel|x64.ActiveCfg = MinSizeRel|x64
		{D586A2E6-D0DD-3003-9BDB-BD0F1D548A72}.MinSizeRel|x64.Build.0 = MinSizeRel|x64
		{D586A2E6-D0DD-3003-9BDB-BD0F1D548A72}.RelWithDebInfo|x64.ActiveCfg = RelWithDebInfo|x64
		{D586A2E6-D0DD-3003-9BDB-BD0F1D548A72}.RelWithDebInfo|x64.Build.0 = RelWithDebInfo|x64
		{5A91444F-00B2-3340-934B-C5593364C847}.Debug|x64.ActiveCfg = Debug|x64
		{5A91444F-00B2-3340-934B-C5593364C847}.Debug|x64.Build.0 = Debug|x64
		{5A91444F-00B2-3340-934B-C5593364C847}.Release|x64.ActiveCfg = Release|x64
		{5A91444F-00B2-3340-934B-C5593364C847}.Release|x64.Build.0 = Release|x64
		{5A91444F-00B2-3340-934B-C5593364C847}.MinSizeRel|x64.ActiveCfg = MinSizeRel|x64
		{5A91444F-00B2-3340-934B-C5593364C847}.MinSizeRel|x64.Build.0 = MinSizeRel|x64
		{5A91444F-00B2-3340-934B-C5593364C847}.RelWithDebInfo|x64.ActiveCfg = RelWithDebInfo|x64
		{5A91444F-00B2-3340-934B-C5593364C847}.RelWithDebInfo|x64.Build.0 = RelWithDebInfo|x64
		{40C3AA98-5934-3E58-984A-FE76ADD6590E}.Debug|x64.ActiveCfg = Debug|x64
		{40C3AA98-5934-3E58-984A-FE76ADD6590E}.Debug|x64.Build.0 = Debug|x64
		{40C3AA98-5934-3E58-984A-FE76ADD6590E}.Release|x64.ActiveCfg = Release|x64
		{40C3AA98-5934-3E58-984A-FE76ADD6590E}.Release|x64.Build.0 = Release|x64
		{40C3AA98-5934-3E58-984A-FE76ADD6590E}.MinSizeRel|x64.ActiveCfg = MinSizeRel|x64
		{40C3AA98-5934-3E58-984A-FE76ADD6590E}.MinSizeRel|x64.Build.0 = MinSizeRel|x64
		{40C3AA98-5934-3E58-984A-FE76ADD6590E}.RelWithDebInfo|x64.ActiveCfg = RelWithDebInfo|x64
		{40C3AA98-5934-3E58-984A-FE76ADD6590E}.RelWithDebInfo|x64.Build.0 = RelWithDebInfo|x64
		{53487A0D-8576-3257-8FF7-BBA58B750336}.Debug|x64.ActiveCfg = Debug|x64
		{53487A0D-8576-3257-8FF7-BBA58B750336}.Debug|x64.Build.0 = Debug|x64
		{53487A0D-8576-3257-8FF7-BBA58B750336}.Release|x64.ActiveCfg = Release|x64
		{53487A0D-8576-3257-8FF7-BBA58B750336}.Release|x64.Build.0 = Release|x64
		{53487A0D-8576-3257-8FF7-BBA58B750336}.MinSizeRel|x64.ActiveCfg = MinSizeRel|x64
		{53487A0D-8576-3257-8FF7-BBA58B750336}.MinSizeRel|x64.Build.0 = MinSizeRel|x64
		{53487A0D-8576-3257-8FF7-BBA58B750336}.RelWithDebInfo|x64.ActiveCfg = RelWithDebInfo|x64
		{53487A0D-8576-3257-8FF7-BBA58B750336}.RelWithDebInfo|x64.Build.0 = RelWithDebInfo|x64
		{617776B6-8B1A-3E82-91A6-36D5195C07E7}.Debug|x64.ActiveCfg = Debug|x64
		{617776B6-8B1A-3E82-91A6-36D5195C07E7}.Debug|x64.Build.0 = Debug|x64
		{617776B6-8B1A-3E82-91A6-36D5195C07E7}.Release|x64.ActiveCfg = Release|x64
		{617776B6-8B1A-3E82-91A6-36D5195C07E7}.Release|x64.Build.0 = Release|x64
		{617776B6-8B1A-3E82-91A6-36D5195C07E7}.MinSizeRel|x64.ActiveCfg = MinSizeRel|x64
		{617776B6-8B1A-3E82-91A6-36D5195C07E7}.MinSizeRel|x64.Build.0 = MinSizeRel|x64
		{617776B6-8B1A-3E82-91A6-36D5195C07E7}.RelWithDebInfo|x64.ActiveCfg = RelWithDebInfo|x64
		{617776B6-8B1A-3E82-91A6-36D5195C07E7}.RelWithDebInfo|x64.Build.0 = RelWithDebInfo|x64
		{567B0707-D8A9-3126-BBA7-B50944000CA6}.Debug|x64.ActiveCfg = Debug|x64
		{567B0707-D8A9-3126-BBA7-B50944000CA6}.Debug|x64.Build.0 = Debug|x64
		{567B0707-D8A9-3126-BBA7-B50944000CA6}.Release|x64.ActiveCfg = Release|x64
		{567B0707-D8A9-3126-BBA7-B50944000CA6}.Release|x64.Build.0 = Release|x64
		{567B0707-D8A9-3126-BBA7-B50944000CA6}.MinSizeRel|x64.ActiveCfg = MinSizeRel|x64
		{567B0707-D8A9-3126-BBA7-B50944000CA6}.MinSizeRel|x64.Build.0 = MinSizeRel|x64
		{567B0707-D8A9-3126-BBA7-B50944000CA6}.RelWithDebInfo|x64.ActiveCfg = RelWithDebInfo|x64
		{567B0707-D8A9-3126-BBA7-B50944000CA6}.RelWithDebInfo|x64.Build.0 = RelWithDebInfo|x64
		{6E545AFF-520A-3E47-8ADA-BF427538AE47}.Debug|x64.ActiveCfg = Debug|x64
		{6E545AFF-520A-3E47-8ADA-BF427538AE47}.Debug|x64.Build.0 = Debug|x64
		{6E545AFF-520A-3E47-8ADA-BF427538AE47}.Release|x64.ActiveCfg = Release|x64
		{6E545AFF-520A-3E47-8ADA-BF427538AE47}.Release|x64.Build.0 = Release|x64
		{6E545AFF-520A-3E47-8ADA-BF427538AE47}.MinSizeRel|x64.ActiveCfg = MinSizeRel|x64
		{6E545AFF-520A-3E47-8ADA-BF427538AE47}.MinSizeRel|x64.Build.0 = MinSizeRel|x64
		{6E545AFF-520A-3E47-8ADA-BF427538AE47}.RelWithDebInfo|x64.ActiveCfg = RelWithDebInfo|x64
		{6E545AFF-520A-3E47-8ADA-BF427538AE47}.RelWithDebInfo|x64.Build.0 = RelWithDebInfo|x64
		{B7D03B86-07C4-3C62-90C1-D26ADD26CC5E}.Debug|x64.ActiveCfg = Debug|x64
		{B7D03B86-07C4-3C62-90C1-D26ADD26CC5E}.Debug|x64.Build.0 = Debug|x64
		{B7D03B86-07C4-3C62-90C1-D26ADD26CC5E}.Release|x64.ActiveCfg = Release|x64
		{B7D03B86-07C4-3C62-90C1-D26ADD26CC5E}.Release|x64.Build.0 = Release|x64
		{B7D03B86-07C4-3C62-90C1-D26ADD26CC5E}.MinSizeRel|x64.ActiveCfg = MinSizeRel|x64
		{B7D03B86-07C4-3C62-90C1-D26ADD26CC5E}.MinSizeRel|x64.Build.0 = MinSizeRel|x64
		{B7D03B86-07C4-3C62-90C1-D26ADD26CC5E}.RelWithDebInfo|x64.ActiveCfg = RelWithDebInfo|x64
		{B7D03B86-07C4-3C62-90C1-D26ADD26CC5E}.RelWithDebInfo|x64.Build.0 = RelWithDebInfo|x64
		{0AA45EF3-B4F5-39AD-87EA-E11E4939639A}.Debug|x64.ActiveCfg = Debug|x64
		{0AA45EF3-B4F5-39AD-87EA-E11E4939639A}.Debug|x64.Build.0 = Debug|x64
		{0AA45EF3-B4F5-39AD-87EA-E11E4939639A}.Release|x64.ActiveCfg = Release|x64
		{0AA45EF3-B4F5-39AD-87EA-E11E4939639A}.Release|x64.Build.0 = Release|x64
		{0AA45EF3-B4F5-39AD-87EA-E11E4939639A}.MinSizeRel|x64.ActiveCfg = MinSizeRel|x64
		{0AA45EF3-B4F5-39AD-87EA-E11E4939639A}.MinSizeRel|x64.Build.0 = MinSizeRel|x64
		{0AA45EF3-B4F5-39AD-87EA-E11E4939639A}.RelWithDebInfo|x64.ActiveCfg = RelWithDebInfo|x64
		{0AA45EF3-B4F5-39AD-87EA-E11E4939639A}.RelWithDebInfo|x64.Build.0 = RelWithDebInfo|x64
		{E1184FFC-DF35-3DD8-A66D-755677C0A33D}.Debug|x64.ActiveCfg = Debug|x64
		{E1184FFC-DF35-3DD8-A66D-755677C0A33D}.Debug|x64.Build.0 = Debug|x64
		{E1184FFC-DF35-3DD8-A66D-755677C0A33D}.Release|x64.ActiveCfg = Release|x64
		{E1184FFC-DF35-3DD8-A66D-755677C0A33D}.Release|x64.Build.0 = Release|x64
		{E1184FFC-DF35-3DD8-A66D-755677C0A33D}.MinSizeRel|x64.ActiveCfg = MinSizeRel|x64
		{E1184FFC-DF35-3DD8-A66D-755677C0A33D}.MinSizeRel|x64.Build.0 = MinSizeRel|x64
		{E1184FFC-DF35-3DD8-A66D-755677C0A33D}.RelWithDebInfo|x64.ActiveCfg = RelWithDebInfo|x64
		{E1184FFC-DF35-3DD8-A66D-755677C0A33D}.RelWithDebInfo|x64.Build.0 = RelWithDebInfo|x64
		{5A58A7AE-BB14-3E40-8378-58005ECD1861}.Debug|x64.ActiveCfg = Debug|x64
		{5A58A7AE-BB14-3E40-8378-58005ECD1861}.Debug|x64.Build.0 = Debug|x64
		{5A58A7AE-BB14-3E40-8378-58005ECD1861}.Release|x64.ActiveCfg = Release|x64
		{5A58A7AE-BB14-3E40-8378-58005ECD1861}.Release|x64.Build.0 = Release|x64
		{5A58A7AE-BB14-3E40-8378-58005ECD1861}.MinSizeRel|x64.ActiveCfg = MinSizeRel|x64
		{5A58A7AE-BB14-3E40-8378-58005ECD1861}.MinSizeRel|x64.Build.0 = MinSizeRel|x64
		{5A58A7AE-BB14-3E40-8378-58005ECD1861}.RelWithDebInfo|x64.ActiveCfg = RelWithDebInfo|x64
		{5A58A7AE-BB14-3E40-8378-58005ECD1861}.RelWithDebInfo|x64.Build.0 = RelWithDebInfo|x64
		{60718C52-34ED-3B28-863B-0DC157C1A294}.Debug|x64.ActiveCfg = Debug|x64
		{60718C52-34ED-3B28-863B-0DC157C1A294}.Debug|x64.Build.0 = Debug|x64
		{60718C52-34ED-3B28-863B-0DC157C1A294}.Release|x64.ActiveCfg = Release|x64
		{60718C52-34ED-3B28-863B-0DC157C1A294}.Release|x64.Build.0 = Release|x64
		{60718C52-34ED-3B28-863B-0DC157C1A294}.MinSizeRel|x64.ActiveCfg = MinSizeRel|x64
		{60718C52-34ED-3B28-863B-0DC157C1A294}.MinSizeRel|x64.Build.0 = MinSizeRel|x64
		{60718C52-34ED-3B28-863B-0DC157C1A294}.RelWithDebInfo|x64.ActiveCfg = RelWithDebInfo|x64
		{60718C52-34ED-3B28-863B-0DC157C1A294}.RelWithDebInfo|x64.Build.0 = RelWithDebInfo|x64
		{E9FDEC67-E9C4-3FA6-956C-42F8A65F5AD9}.Debug|x64.ActiveCfg = Debug|x64
		{E9FDEC67-E9C4-3FA6-956C-42F8A65F5AD9}.Debug|x64.Build.0 = Debug|x64
		{E9FDEC67-E9C4-3FA6-956C-42F8A65F5AD9}.Release|x64.ActiveCfg = Release|x64
		{E9FDEC67-E9C4-3FA6-956C-42F8A65F5AD9}.Release|x64.Build.0 = Release|x64
		{E9FDEC67-E9C4-3FA6-956C-42F8A65F5AD9}.MinSizeRel|x64.ActiveCfg = MinSizeRel|x64
		{E9FDEC67-E9C4-3FA6-956C-42F8A65F5AD9}.MinSizeRel|x64.Build.0 = MinSizeRel|x64
		{E9FDEC67-E9C4-3FA6-956C-42F8A65F5AD9}.RelWithDebInfo|x64.ActiveCfg = RelWithDebInfo|x64
		{E9FDEC67-E9C4-3FA6-956C-42F8A65F5AD9}.RelWithDebInfo|x64.Build.0 = RelWithDebInfo|x64
		{73DB148C-22FC-3B91-BD96-1CE5840F8ACB}.Debug|x64.ActiveCfg = Debug|x64
		{73DB148C-22FC-3B91-BD96-1CE5840F8ACB}.Debug|x64.Build.0 = Debug|x64
		{73DB148C-22FC-3B91-BD96-1CE5840F8ACB}.Release|x64.ActiveCfg = Release|x64
		{73DB148C-22FC-3B91-BD96-1CE5840F8ACB}.Release|x64.Build.0 = Release|x64
		{73DB148C-22FC-3B91-BD96-1CE5840F8ACB}.MinSizeRel|x64.ActiveCfg = MinSizeRel|x64
		{73DB148C-22FC-3B91-BD96-1CE5840F8ACB}.MinSizeRel|x64.Build.0 = MinSizeRel|x64
		{73DB148C-22FC-3B91-BD96-1CE5840F8ACB}.RelWithDebInfo|x64.ActiveCfg = RelWithDebInfo|x64
		{73DB148C-22FC-3B91-BD96-1CE5840F8ACB}.RelWithDebInfo|x64.Build.0 = RelWithDebInfo|x64
		{E1E935D1-6EB6-3B32-8CCA-34B25C43F2BC}.Debug|x64.ActiveCfg = Debug|x64
		{E1E935D1-6EB6-3B32-8CCA-34B25C43F2BC}.Debug|x64.Build.0 = Debug|x64
		{E1E935D1-6EB6-3B32-8CCA-34B25C43F2BC}.Release|x64.ActiveCfg = Release|x64
		{E1E935D1-6EB6-3B32-8CCA-34B25C43F2BC}.Release|x64.Build.0 = Release|x64
		{E1E935D1-6EB6-3B32-8CCA-34B25C43F2BC}.MinSizeRel|x64.ActiveCfg = MinSizeRel|x64
		{E1E935D1-6EB6-3B32-8CCA-34B25C43F2BC}.MinSizeRel|x64.Build.0 = MinSizeRel|x64
		{E1E935D1-6EB6-3B32-8CCA-34B25C43F2BC}.RelWithDebInfo|x64.ActiveCfg = RelWithDebInfo|x64
		{E1E935D1-6EB6-3B32-8CCA-34B25C43F2BC}.RelWithDebInfo|x64.Build.0 = RelWithDebInfo|x64
		{F92D23D0-A19B-3B85-A44F-1E51464107C3}.Debug|x64.ActiveCfg = Debug|x64
		{F92D23D0-A19B-3B85-A44F-1E51464107C3}.Debug|x64.Build.0 = Debug|x64
		{F92D23D0-A19B-3B85-A44F-1E51464107C3}.Release|x64.ActiveCfg = Release|x64
		{F92D23D0-A19B-3B85-A44F-1E51464107C3}.Release|x64.Build.0 = Release|x64
		{F92D23D0-A19B-3B85-A44F-1E51464107C3}.MinSizeRel|x64.ActiveCfg = MinSizeRel|x64
		{F92D23D0-A19B-3B85-A44F-1E51464107C3}.MinSizeRel|x64.Build.0 = MinSizeRel|x64
		{F92D23D0-A19B-3B85-A44F-1E51464107C3}.RelWithDebInfo|x64.ActiveCfg = RelWithDebInfo|x64
		{F92D23D0-A19B-3B85-A44F-1E51464107C3}.RelWithDebInfo|x64.Build.0 = RelWithDebInfo|x64
		{E65BE858-E794-32B9-BCE9-E7B2C8B5F4F5}.Debug|x64.ActiveCfg = Debug|x64
		{E65BE858-E794-32B9-BCE9-E7B2C8B5F4F5}.Debug|x64.Build.0 = Debug|x64
		{E65BE858-E794-32B9-BCE9-E7B2C8B5F4F5}.Release|x64.ActiveCfg = Release|x64
		{E65BE858-E794-32B9-BCE9-E7B2C8B5F4F5}.Release|x64.Build.0 = Release|x64
		{E65BE858-E794-32B9-BCE9-E7B2C8B5F4F5}.MinSizeRel|x64.ActiveCfg = MinSizeRel|x64
		{E65BE858-E794-32B9-BCE9-E7B2C8B5F4F5}.MinSizeRel|x64.Build.0 = MinSizeRel|x64
		{E65BE858-E794-32B9-BCE9-E7B2C8B5F4F5}.RelWithDebInfo|x64.ActiveCfg = RelWithDebInfo|x64
		{E65BE858-E794-32B9-BCE9-E7B2C8B5F4F5}.RelWithDebInfo|x64.Build.0 = RelWithDebInfo|x64
		{9DD4658C-7EC0-3DAC-9C2B-930EE534FC62}.Debug|x64.ActiveCfg = Debug|x64
		{9DD4658C-7EC0-3DAC-9C2B-930EE534FC62}.Release|x64.ActiveCfg = Release|x64
		{9DD4658C-7EC0-3DAC-9C2B-930EE534FC62}.MinSizeRel|x64.ActiveCfg = MinSizeRel|x64
		{9DD4658C-7EC0-3DAC-9C2B-930EE534FC62}.RelWithDebInfo|x64.ActiveCfg = RelWithDebInfo|x64
		{DEC1A49F-9953-3A77-A4AA-EA6526F5B56B}.Debug|x64.ActiveCfg = Debug|x64
		{DEC1A49F-9953-3A77-A4AA-EA6526F5B56B}.Release|x64.ActiveCfg = Release|x64
		{DEC1A49F-9953-3A77-A4AA-EA6526F5B56B}.MinSizeRel|x64.ActiveCfg = MinSizeRel|x64
		{DEC1A49F-9953-3A77-A4AA-EA6526F5B56B}.RelWithDebInfo|x64.ActiveCfg = RelWithDebInfo|x64
		{6D70102E-DAB6-3B31-BE69-68AFD3F6C331}.Debug|x64.ActiveCfg = Debug|x64
		{6D70102E-DAB6-3B31-BE69-68AFD3F6C331}.Debug|x64.Build.0 = Debug|x64
		{6D70102E-DAB6-3B31-BE69-68AFD3F6C331}.Release|x64.ActiveCfg = Release|x64
		{6D70102E-DAB6-3B31-BE69-68AFD3F6C331}.Release|x64.Build.0 = Release|x64
		{6D70102E-DAB6-3B31-BE69-68AFD3F6C331}.MinSizeRel|x64.ActiveCfg = MinSizeRel|x64
		{6D70102E-DAB6-3B31-BE69-68AFD3F6C331}.MinSizeRel|x64.Build.0 = MinSizeRel|x64
		{6D70102E-DAB6-3B31-BE69-68AFD3F6C331}.RelWithDebInfo|x64.ActiveCfg = RelWithDebInfo|x64
		{6D70102E-DAB6-3B31-BE69-68AFD3F6C331}.RelWithDebInfo|x64.Build.0 = RelWithDebInfo|x64
		{9E18B749-9789-34AA-8668-4DC0C593F397}.Debug|x64.ActiveCfg = Debug|x64
		{9E18B749-9789-34AA-8668-4DC0C593F397}.Debug|x64.Build.0 = Debug|x64
		{9E18B749-9789-34AA-8668-4DC0C593F397}.Release|x64.ActiveCfg = Release|x64
		{9E18B749-9789-34AA-8668-4DC0C593F397}.Release|x64.Build.0 = Release|x64
		{9E18B749-9789-34AA-8668-4DC0C593F397}.MinSizeRel|x64.ActiveCfg = MinSizeRel|x64
		{9E18B749-9789-34AA-8668-4DC0C593F397}.MinSizeRel|x64.Build.0 = MinSizeRel|x64
		{9E18B749-9789-34AA-8668-4DC0C593F397}.RelWithDebInfo|x64.ActiveCfg = RelWithDebInfo|x64
		{9E18B749-9789-34AA-8668-4DC0C593F397}.RelWithDebInfo|x64.Build.0 = RelWithDebInfo|x64
		{49179691-A218-35E5-8F5D-9B1F98257645}.Debug|x64.ActiveCfg = Debug|x64
		{49179691-A218-35E5-8F5D-9B1F98257645}.Debug|x64.Build.0 = Debug|x64
		{49179691-A218-35E5-8F5D-9B1F98257645}.Release|x64.ActiveCfg = Release|x64
		{49179691-A218-35E5-8F5D-9B1F98257645}.Release|x64.Build.0 = Release|x64
		{49179691-A218-35E5-8F5D-9B1F98257645}.MinSizeRel|x64.ActiveCfg = MinSizeRel|x64
		{49179691-A218-35E5-8F5D-9B1F98257645}.MinSizeRel|x64.Build.0 = MinSizeRel|x64
		{49179691-A218-35E5-8F5D-9B1F98257645}.RelWithDebInfo|x64.ActiveCfg = RelWithDebInfo|x64
		{49179691-A218-35E5-8F5D-9B1F98257645}.RelWithDebInfo|x64.Build.0 = RelWithDebInfo|x64
	EndGlobalSection
	GlobalSection(NestedProjects) = preSolution
		{A31B84CB-99AB-3517-BC43-3AC090596E98} = {3756F3B1-BE3E-3DB0-B025-F5F00D7BE754}
		{D41DCF0F-6D72-3FD5-89BC-AF6BE1323EC8} = {3756F3B1-BE3E-3DB0-B025-F5F00D7BE754}
		{836C6F76-273D-3176-AF92-5E439D29D4F0} = {3756F3B1-BE3E-3DB0-B025-F5F00D7BE754}
		{404F6FB1-26BA-3C35-968B-3AF1FE74B26A} = {27189049-8907-3E58-B1CB-E82DBCFC9E77}
		{6014BF3B-097F-39FA-886A-CF46B67E67E7} = {27189049-8907-3E58-B1CB-E82DBCFC9E77}
		{8C696771-39F9-3579-BCCB-55D325C296E5} = {27189049-8907-3E58-B1CB-E82DBCFC9E77}
		{9DD4658C-7EC0-3DAC-9C2B-930EE534FC62} = {27189049-8907-3E58-B1CB-E82DBCFC9E77}
		{DEC1A49F-9953-3A77-A4AA-EA6526F5B56B} = {27189049-8907-3E58-B1CB-E82DBCFC9E77}
		{BE915D9B-663F-3B05-BBC9-510FDD013750} = {404F6FB1-26BA-3C35-968B-3AF1FE74B26A}
		{B65077D6-4208-3920-9963-E3976E466436} = {404F6FB1-26BA-3C35-968B-3AF1FE74B26A}
		{0459A922-26F6-3E82-8D9F-F665FA44BA1A} = {404F6FB1-26BA-3C35-968B-3AF1FE74B26A}
		{53487A0D-8576-3257-8FF7-BBA58B750336} = {404F6FB1-26BA-3C35-968B-3AF1FE74B26A}
		{567B0707-D8A9-3126-BBA7-B50944000CA6} = {404F6FB1-26BA-3C35-968B-3AF1FE74B26A}
		{B7D03B86-07C4-3C62-90C1-D26ADD26CC5E} = {404F6FB1-26BA-3C35-968B-3AF1FE74B26A}
		{0AA45EF3-B4F5-39AD-87EA-E11E4939639A} = {404F6FB1-26BA-3C35-968B-3AF1FE74B26A}
		{E1184FFC-DF35-3DD8-A66D-755677C0A33D} = {404F6FB1-26BA-3C35-968B-3AF1FE74B26A}
		{6D70102E-DAB6-3B31-BE69-68AFD3F6C331} = {404F6FB1-26BA-3C35-968B-3AF1FE74B26A}
		{53D6AF2E-0021-3D3F-8FCF-1C547C1B12BA} = {6014BF3B-097F-39FA-886A-CF46B67E67E7}
		{4679AF38-58E4-337E-8B72-69D875D9490D} = {6014BF3B-097F-39FA-886A-CF46B67E67E7}
		{E6E01278-A776-36B6-A396-912EBF7FEB0B} = {6014BF3B-097F-39FA-886A-CF46B67E67E7}
		{5FD5AEA2-E45A-3D75-BA8A-39C90A6D2182} = {6014BF3B-097F-39FA-886A-CF46B67E67E7}
		{7C4BF85E-C31C-3D96-80F8-1312B031A7A5} = {6014BF3B-097F-39FA-886A-CF46B67E67E7}
		{311B28F7-F53A-3E24-9278-907CDCD5EF2A} = {6014BF3B-097F-39FA-886A-CF46B67E67E7}
		{4A509C42-3AD1-3755-866E-994C63413A93} = {6014BF3B-097F-39FA-886A-CF46B67E67E7}
		{78C109B8-1625-393F-AF04-BF05550824F2} = {6014BF3B-097F-39FA-886A-CF46B67E67E7}
		{F2F9E1C0-0D1D-3874-A89D-405C6B57950A} = {6014BF3B-097F-39FA-886A-CF46B67E67E7}
		{D586A2E6-D0DD-3003-9BDB-BD0F1D548A72} = {6014BF3B-097F-39FA-886A-CF46B67E67E7}
		{5A91444F-00B2-3340-934B-C5593364C847} = {6014BF3B-097F-39FA-886A-CF46B67E67E7}
		{40C3AA98-5934-3E58-984A-FE76ADD6590E} = {6014BF3B-097F-39FA-886A-CF46B67E67E7}
		{617776B6-8B1A-3E82-91A6-36D5195C07E7} = {6014BF3B-097F-39FA-886A-CF46B67E67E7}
		{6E545AFF-520A-3E47-8ADA-BF427538AE47} = {6014BF3B-097F-39FA-886A-CF46B67E67E7}
		{E9FDEC67-E9C4-3FA6-956C-42F8A65F5AD9} = {6014BF3B-097F-39FA-886A-CF46B67E67E7}
		{73DB148C-22FC-3B91-BD96-1CE5840F8ACB} = {6014BF3B-097F-39FA-886A-CF46B67E67E7}
		{E1E935D1-6EB6-3B32-8CCA-34B25C43F2BC} = {6014BF3B-097F-39FA-886A-CF46B67E67E7}
		{F92D23D0-A19B-3B85-A44F-1E51464107C3} = {6014BF3B-097F-39FA-886A-CF46B67E67E7}
		{E65BE858-E794-32B9-BCE9-E7B2C8B5F4F5} = {6014BF3B-097F-39FA-886A-CF46B67E67E7}
		{9E18B749-9789-34AA-8668-4DC0C593F397} = {6014BF3B-097F-39FA-886A-CF46B67E67E7}
	EndGlobalSection
	GlobalSection(ExtensibilityGlobals) = postSolution
		SolutionGuid = {706DB95A-447F-3930-ACED-1DE8609EE41D}
	EndGlobalSection
	GlobalSection(ExtensibilityAddIns) = postSolution
	EndGlobalSection
EndGlobal
